{
  "name": "weather-live",
  "version": "1.0.0",
  "lockfileVersion": 1,
  "requires": true,
  "dependencies": {
    "node-fetch": {
      "version": "2.6.1",
      "resolved": "https://registry.npmjs.org/node-fetch/-/node-fetch-2.6.1.tgz",
      "integrity": "sha512-VIKB7vh8mUPMjTtCzU7qFGWfnYkxP4tzg0mzdynBT0B3FMe12v7GxyC7tt5axh5dqHbNac+t46k+urm1vg8sTw=="
    }
  }
}
